
Microsoft Visual Studio Solution File, Format Version 12.00
# Visual Studio Version 17
VisualStudioVersion = 17.9.34616.47
MinimumVisualStudioVersion = 10.0.40219.1
Project("{FAE04EC0-301F-11D3-BF4B-00C04F79EFBC}") = "Calculator1", "Calculator1\Calculator1.csproj", "{A168770F-8C73-4CDC-8223-3D39ED4E81D2}"
EndProject
Global
	GlobalSection(SolutionConfigurationPlatforms) = preSolution
		Debug|Any CPU = Debug|Any CPU
		Release|Any CPU = Release|Any CPU
	EndGlobalSection
	GlobalSection(ProjectConfigurationPlatforms) = postSolution
		{A168770F-8C73-4CDC-8223-3D39ED4E81D2}.Debug|Any CPU.ActiveCfg = Debug|Any CPU
		{A168770F-8C73-4CDC-8223-3D39ED4E81D2}.Debug|Any CPU.Build.0 = Debug|Any CPU
		{A168770F-8C73-4CDC-8223-3D39ED4E81D2}.Release|Any CPU.ActiveCfg = Release|Any CPU
		{A168770F-8C73-4CDC-8223-3D39ED4E81D2}.Release|Any CPU.Build.0 = Release|Any CPU
	EndGlobalSection
	GlobalSection(SolutionProperties) = preSolution
		HideSolutionNode = FALSE
	EndGlobalSection
	GlobalSection(ExtensibilityGlobals) = postSolution
		SolutionGuid = {6C989950-404C-431B-B102-966171C50535}
	EndGlobalSection
EndGlobal
